Microsoft Visual Studio Solution File, Format Version 12.00
# Visual Studio Version 17
VisualStudioVersion = 17.5.2.0
MinimumVisualStudioVersion = 10.0.40219.1
Project("{FAE04EC0-301F-11D3-BF4B-00C04F79EFBC}") = "TrackApi", "TrackApi\TrackApi.csproj", "{ECDC6219-CCC2-D4FA-C396-921E5BA1725E}"
EndProject
Global
	GlobalSection(SolutionConfigurationPlatforms) = preSolution
		Debug|Any CPU = Debug|Any CPU
		Release|Any CPU = Release|Any CPU
	EndGlobalSection
	GlobalSection(ProjectConfigurationPlatforms) = postSolution
		{ECDC6219-CCC2-D4FA-C396-921E5BA1725E}.Debug|Any CPU.ActiveCfg = Debug|Any CPU
		{ECDC6219-CCC2-D4FA-C396-921E5BA1725E}.Debug|Any CPU.Build.0 = Debug|Any CPU
		{ECDC6219-CCC2-D4FA-C396-921E5BA1725E}.Release|Any CPU.ActiveCfg = Release|Any CPU
		{ECDC6219-CCC2-D4FA-C396-921E5BA1725E}.Release|Any CPU.Build.0 = Release|Any CPU
	EndGlobalSection
	GlobalSection(SolutionProperties) = preSolution
		HideSolutionNode = FALSE
	EndGlobalSection
	GlobalSection(ExtensibilityGlobals) = postSolution
		SolutionGuid = {FAE54A87-CB69-4CDA-A401-E6A5C57D6DEA}
	EndGlobalSection
EndGlobal
